
Microsoft Visual Studio Solution File, Format Version 12.00
# Visual Studio 15
VisualStudioVersion = 15.0.28307.168
MinimumVisualStudioVersion = 10.0.40219.1
Project("{9A19103F-16F7-4668-BE54-9A1E7A4F7556}") = "APP", "JiChuKu\APP.csproj", "{ADF70C15-FAFC-4894-B937-A3C6BBD2536A}"
EndProject
Project("{9A19103F-16F7-4668-BE54-9A1E7A4F7556}") = "IBLL", "IBLL\IBLL.csproj", "{4CD61B3F-F9B8-40E5-B4F4-3F79559FDCFE}"
EndProject
Project("{9A19103F-16F7-4668-BE54-9A1E7A4F7556}") = "BLL", "BLL\BLL.csproj", "{1FFF1C06-B19A-499A-B621-36C84F90852F}"
EndProject
Project("{9A19103F-16F7-4668-BE54-9A1E7A4F7556}") = "DAL", "DLL\DAL.csproj", "{3533482A-CA3F-4A30-B0D1-5385968EE0E1}"
EndProject
Project("{9A19103F-16F7-4668-BE54-9A1E7A4F7556}") = "Common", "Common\Common.csproj", "{AAB36CF1-1F96-4153-92A3-0C34D066BE36}"
EndProject
Global
	GlobalSection(SolutionConfigurationPlatforms) = preSolution
		Debug|Any CPU = Debug|Any CPU
		Release|Any CPU = Release|Any CPU
	EndGlobalSection
	GlobalSection(ProjectConfigurationPlatforms) = postSolution
		{ADF70C15-FAFC-4894-B937-A3C6BBD2536A}.Debug|Any CPU.ActiveCfg = Debug|Any CPU
		{ADF70C15-FAFC-4894-B937-A3C6BBD2536A}.Debug|Any CPU.Build.0 = Debug|Any CPU
		{ADF70C15-FAFC-4894-B937-A3C6BBD2536A}.Release|Any CPU.ActiveCfg = Release|Any CPU
		{ADF70C15-FAFC-4894-B937-A3C6BBD2536A}.Release|Any CPU.Build.0 = Release|Any CPU
		{4CD61B3F-F9B8-40E5-B4F4-3F79559FDCFE}.Debug|Any CPU.ActiveCfg = Debug|Any CPU
		{4CD61B3F-F9B8-40E5-B4F4-3F79559FDCFE}.Debug|Any CPU.Build.0 = Debug|Any CPU
		{4CD61B3F-F9B8-40E5-B4F4-3F79559FDCFE}.Release|Any CPU.ActiveCfg = Release|Any CPU
		{4CD61B3F-F9B8-40E5-B4F4-3F79559FDCFE}.Release|Any CPU.Build.0 = Release|Any CPU
		{1FFF1C06-B19A-499A-B621-36C84F90852F}.Debug|Any CPU.ActiveCfg = Debug|Any CPU
		{1FFF1C06-B19A-499A-B621-36C84F90852F}.Debug|Any CPU.Build.0 = Debug|Any CPU
		{1FFF1C06-B19A-499A-B621-36C84F90852F}.Release|Any CPU.ActiveCfg = Release|Any CPU
		{1FFF1C06-B19A-499A-B621-36C84F90852F}.Release|Any CPU.Build.0 = Release|Any CPU
		{3533482A-CA3F-4A30-B0D1-5385968EE0E1}.Debug|Any CPU.ActiveCfg = Debug|Any CPU
		{3533482A-CA3F-4A30-B0D1-5385968EE0E1}.Debug|Any CPU.Build.0 = Debug|Any CPU
		{3533482A-CA3F-4A30-B0D1-5385968EE0E1}.Release|Any CPU.ActiveCfg = Release|Any CPU
		{3533482A-CA3F-4A30-B0D1-5385968EE0E1}.Release|Any CPU.Build.0 = Release|Any CPU
		{AAB36CF1-1F96-4153-92A3-0C34D066BE36}.Debug|Any CPU.ActiveCfg = Debug|Any CPU
		{AAB36CF1-1F96-4153-92A3-0C34D066BE36}.Debug|Any CPU.Build.0 = Debug|Any CPU
		{AAB36CF1-1F96-4153-92A3-0C34D066BE36}.Release|Any CPU.ActiveCfg = Release|Any CPU
		{AAB36CF1-1F96-4153-92A3-0C34D066BE36}.Release|Any CPU.Build.0 = Release|Any CPU
	EndGlobalSection
	GlobalSection(SolutionProperties) = preSolution
		HideSolutionNode = FALSE
	EndGlobalSection
	GlobalSection(ExtensibilityGlobals) = postSolution
		SolutionGuid = {353B7903-B7CD-4969-904E-2E8E7B409F57}
	EndGlobalSection
EndGlobal
